// !$*UTF8*$!
{
	archiveVersion = 1;
	classes = {
	};
	objectVersion = 50;
	objects = {

/* Begin PBXBuildFile section */
		C6154B3D23D9475D00AFCE1C /* AppDelegate.swift in Sources */ = {isa = PBXBuildFile; fileRef = C6154B3C23D9475D00AFCE1C /* AppDelegate.swift */; };
		C6154B3F23D9475D00AFCE1C /* SceneDelegate.swift in Sources */ = {isa = PBXBuildFile; fileRef = C6154B3E23D9475D00AFCE1C /* SceneDelegate.swift */; };
		C6154B4123D9475D00AFCE1C /* ViewController.swift in Sources */ = {isa = PBXBuildFile; fileRef = C6154B4023D9475D00AFCE1C /* ViewController.swift */; };
		C6154B4423D9475D00AFCE1C /* Main.storyboard in Resources */ = {isa = PBXBuildFile; fileRef = C6154B4223D9475D00AFCE1C /* Main.storyboard */; };
		C6154B4623D9476100AFCE1C /* Assets.xcassets in Resources */ = {isa = PBXBuildFile; fileRef = C6154B4523D9476100AFCE1C /* Assets.xcassets */; };
		C6154B4923D9476100AFCE1C /* LaunchScreen.storyboard in Resources */ = {isa = PBXBuildFile; fileRef = C6154B4723D9476100AFCE1C /* LaunchScreen.storyboard */; };
		C6154B5423D9476100AFCE1C /* tippyTests.swift in Sources */ = {isa = PBXBuildFile; fileRef = C6154B5323D9476100AFCE1C /* tippyTests.swift */; };
		C6154B5F23D9476200AFCE1C /* tippyUITests.swift in Sources */ = {isa = PBXBuildFile; fileRef = C6154B5E23D9476200AFCE1C /* tippyUITests.swift */; };
/* End PBXBuildFile section */

/* Begin PBXContainerItemProxy section */
		C6154B5023D9476100AFCE1C /* PBXContainerItemProxy */ = {
			isa = PBXContainerItemProxy;
			containerPortal = C6154B3123D9475C00AFCE1C /* Project object */;
			proxyType = 1;
			remoteGlobalIDString = C6154B3823D9475C00AFCE1C;
			remoteInfo = tippy;
		};
		C6154B5B23D9476200AFCE1C /* PBXContainerItemProxy */ = {
			isa = PBXContainerItemProxy;
			containerPortal = C6154B3123D9475C00AFCE1C /* Project object */;
			proxyType = 1;
			remoteGlobalIDString = C6154B3823D9475C00AFCE1C;
			remoteInfo = tippy;
		};
/* End PBXContainerItemProxy section */

/* Begin PBXFileReference section */
		C6154B3923D9475D00AFCE1C /* tippy.app */ = {isa = PBXFileReference; explicitFileType = wrapper.application; includeInIndex = 0; path = tippy.app; sourceTree = BUILT_PRODUCTS_DIR; };
		C6154B3C23D9475D00AFCE1C /* AppDelegate.swift */ = {isa = PBXFileReference; lastKnownFileType = sourcecode.swift; path = AppDelegate.swift; sourceTree = "<group>"; };
		C6154B3E23D9475D00AFCE1C /* SceneDelegate.swift */ = {isa = PBXFileReference; lastKnownFileType = sourcecode.swift; path = SceneDelegate.swift; sourceTree = "<group>"; };
		C6154B4023D9475D00AFCE1C /* ViewController.swift */ = {isa = PBXFileReference; lastKnownFileType = sourcecode.swift; path = ViewController.swift; sourceTree = "<group>"; };
		C6154B4323D9475D00AFCE1C /* Base */ = {isa = PBXFileReference; lastKnownFileType = file.storyboard; name = Base; path = Base.lproj/Main.storyboard; sourceTree = "<group>"; };
		C6154B4523D9476100AFCE1C /* Assets.xcassets */ = {isa = PBXFileReference; lastKnownFileType = folder.assetcatalog; path = Assets.xcassets; sourceTree = "<group>"; };
		C6154B4823D9476100AFCE1C /* Base */ = {isa = PBXFileReference; lastKnownFileType = file.storyboard; name = Base; path = Base.lproj/LaunchScreen.storyboard; sourceTree = "<group>"; };
		C6154B4A23D9476100AFCE1C /* Info.plist */ = {isa = PBXFileReference; lastKnownFileType = text.plist.xml; path = Info.plist; sourceTree = "<group>"; };
		C6154B4F23D9476100AFCE1C /* tippyTests.xctest */ = {isa = PBXFileReference; explicitFileType = wrapper.cfbundle; includeInIndex = 0; path = tippyTests.xctest; sourceTree = BUILT_PRODUCTS_DIR; };
		C6154B5323D9476100AFCE1C /* tippyTests.swift */ = {isa = PBXFileReference; lastKnownFileType = sourcecode.swift; path = tippyTests.swift; sourceTree = "<group>"; };
		C6154B5523D9476100AFCE1C /* Info.plist */ = {isa = PBXFileReference; lastKnownFileType = text.plist.xml; path = Info.plist; sourceTree = "<group>"; };
		C6154B5A23D9476200AFCE1C /* tippyUITests.xctest */ = {isa = PBXFileReference; explicitFileType = wrapper.cfbundle; includeInIndex = 0; path = tippyUITests.xctest; sourceTree = BUILT_PRODUCTS_DIR; };
		C6154B5E23D9476200AFCE1C /* tippyUITests.swift */ = {isa = PBXFileReference; lastKnownFileType = sourcecode.swift; path = tippyUITests.swift; sourceTree = "<group>"; };
		C6154B6023D9476200AFCE1C /* Info.plist */ = {isa = PBXFileReference; lastKnownFileType = text.plist.xml; path = Info.plist; sourceTree = "<group>"; };
/* End PBXFileReference section */

/* Begin PBXFrameworksBuildPhase section */
		C6154B3623D9475C00AFCE1C /* Frameworks */ = {
			isa = PBXFrameworksBuildPhase;
			buildActionMask = 2147483647;
			files = (
			);
			runOnlyForDeploymentPostprocessing = 0;
		};
		C6154B4C23D9476100AFCE1C /* Frameworks */ = {
			isa = PBXFrameworksBuildPhase;
			buildActionMask = 2147483647;
			files = (
			);
			runOnlyForDeploymentPostprocessing = 0;
		};
		C6154B5723D9476200AFCE1C /* Frameworks */ = {
			isa = PBXFrameworksBuildPhase;
			buildActionMask = 2147483647;
			files = (
			);
			runOnlyForDeploymentPostprocessing = 0;
		};
/* End PBXFrameworksBuildPhase section */

/* Begin PBXGroup section */
		C6154B3023D9475C00AFCE1C = {
			isa = PBXGroup;
			children = (
				C6154B3B23D9475D00AFCE1C /* tippy */,
				C6154B5223D9476100AFCE1C /* tippyTests */,
				C6154B5D23D9476200AFCE1C /* tippyUITests */,
				C6154B3A23D9475D00AFCE1C /* Products */,
			);
			sourceTree = "<group>";
		};
		C6154B3A23D9475D00AFCE1C /* Products */ = {
			isa = PBXGroup;
			children = (
				C6154B3923D9475D00AFCE1C /* tippy.app */,
				C6154B4F23D9476100AFCE1C /* tippyTests.xctest */,
				C6154B5A23D9476200AFCE1C /* tippyUITests.xctest */,
			);
			name = Products;
			sourceTree = "<group>";
		};
		C6154B3B23D9475D00AFCE1C /* tippy */ = {
			isa = PBXGroup;
			children = (
				C6154B3C23D9475D00AFCE1C /* AppDelegate.swift */,
				C6154B3E23D9475D00AFCE1C /* SceneDelegate.swift */,
				C6154B4023D9475D00AFCE1C /* ViewController.swift */,
				C6154B4223D9475D00AFCE1C /* Main.storyboard */,
				C6154B4523D9476100AFCE1C /* Assets.xcassets */,
				C6154B4723D9476100AFCE1C /* LaunchScreen.storyboard */,
				C6154B4A23D9476100AFCE1C /* Info.plist */,
			);
			path = tippy;
			sourceTree = "<group>";
		};
		C6154B5223D9476100AFCE1C /* tippyTests */ = {
			isa = PBXGroup;
			children = (
				C6154B5323D9476100AFCE1C /* tippyTests.swift */,
				C6154B5523D9476100AFCE1C /* Info.plist */,
			);
			path = tippyTests;
			sourceTree = "<group>";
		};
		C6154B5D23D9476200AFCE1C /* tippyUITests */ = {
			isa = PBXGroup;
			children = (
				C6154B5E23D9476200AFCE1C /* tippyUITests.swift */,
				C6154B6023D9476200AFCE1C /* Info.plist */,
			);
			path = tippyUITests;
			sourceTree = "<group>";
		};
/* End PBXGroup section */

/* Begin PBXNativeTarget section */
		C6154B3823D9475C00AFCE1C /* tippy */ = {
			isa = PBXNativeTarget;
			buildConfigurationList = C6154B6323D9476200AFCE1C /* Build configuration list for PBXNativeTarget "tippy" */;
			buildPhases = (
				C6154B3523D9475C00AFCE1C /* Sources */,
				C6154B3623D9475C00AFCE1C /* Frameworks */,
				C6154B3723D9475C00AFCE1C /* Resources */,
			);
			buildRules = (
			);
			dependencies = (
			);
			name = tippy;
			productName = tippy;
			productReference = C6154B3923D9475D00AFCE1C /* tippy.app */;
			productType = "com.apple.product-type.application";
		};
		C6154B4E23D9476100AFCE1C /* tippyTests */ = {
			isa = PBXNativeTarget;
			buildConfigurationList = C6154B6623D9476200AFCE1C /* Build configuration list for PBXNativeTarget "tippyTests" */;
			buildPhases = (
				C6154B4B23D9476100AFCE1C /* Sources */,
				C6154B4C23D9476100AFCE1C /* Frameworks */,
				C6154B4D23D9476100AFCE1C /* Resources */,
			);
			buildRules = (
			);
			dependencies = (
				C6154B5123D9476100AFCE1C /* PBXTargetDependency */,
			);
			name = tippyTests;
			productName = tippyTests;
			productReference = C6154B4F23D9476100AFCE1C /* tippyTests.xctest */;
			productType = "com.apple.product-type.bundle.unit-test";
		};
		C6154B5923D9476200AFCE1C /* tippyUITests */ = {
			isa = PBXNativeTarget;
			buildConfigurationList = C6154B6923D9476200AFCE1C /* Build configuration list for PBXNativeTarget "tippyUITests" */;
			buildPhases = (
				C6154B5623D9476200AFCE1C /* Sources */,
				C6154B5723D9476200AFCE1C /* Frameworks */,
				C6154B5823D9476200AFCE1C /* Resources */,
			);
			buildRules = (
			);
			dependencies = (
				C6154B5C23D9476200AFCE1C /* PBXTargetDependency */,
			);
			name = tippyUITests;
			productName = tippyUITests;
			productReference = C6154B5A23D9476200AFCE1C /* tippyUITests.xctest */;
			productType = "com.apple.product-type.bundle.ui-testing";
		};
/* End PBXNativeTarget section */

/* Begin PBXProject section */
		C6154B3123D9475C00AFCE1C /* Project object */ = {
			isa = PBXProject;
			attributes = {
				LastSwiftUpdateCheck = 1130;
				LastUpgradeCheck = 1130;
				ORGANIZATIONNAME = codepath;
				TargetAttributes = {
					C6154B3823D9475C00AFCE1C = {
						CreatedOnToolsVersion = 11.3.1;
					};
					C6154B4E23D9476100AFCE1C = {
						CreatedOnToolsVersion = 11.3.1;
						TestTargetID = C6154B3823D9475C00AFCE1C;
					};
					C6154B5923D9476200AFCE1C = {
						CreatedOnToolsVersion = 11.3.1;
						TestTargetID = C6154B3823D9475C00AFCE1C;
					};
				};
			};
			buildConfigurationList = C6154B3423D9475C00AFCE1C /* Build configuration list for PBXProject "tippy" */;
			compatibilityVersion = "Xcode 9.3";
			developmentRegion = en;
			hasScannedForEncodings = 0;
			knownRegions = (
				en,
				Base,
			);
			mainGroup = C6154B3023D9475C00AFCE1C;
			productRefGroup = C6154B3A23D9475D00AFCE1C /* Products */;
			projectDirPath = "";
			projectRoot = "";
			targets = (
				C6154B3823D9475C00AFCE1C /* tippy */,
				C6154B4E23D9476100AFCE1C /* tippyTests */,
				C6154B5923D9476200AFCE1C /* tippyUITests */,
			);
		};
/* End PBXProject section */

/* Begin PBXResourcesBuildPhase section */
		C6154B3723D9475C00AFCE1C /* Resources */ = {
			isa = PBXResourcesBuildPhase;
			buildActionMask = 2147483647;
			files = (
				C6154B4923D9476100AFCE1C /* LaunchScreen.storyboard in Resources */,
				C6154B4623D9476100AFCE1C /* Assets.xcassets in Resources */,
				C6154B4423D9475D00AFCE1C /* Main.storyboard in Resources */,
			);
			runOnlyForDeploymentPostprocessing = 0;
		};
		C6154B4D23D9476100AFCE1C /* Resources */ = {
			isa = PBXResourcesBuildPhase;
			buildActionMask = 2147483647;
			files = (
			);
			runOnlyForDeploymentPostprocessing = 0;
		};
		C6154B5823D9476200AFCE1C /* Resources */ = {
			isa = PBXResourcesBuildPhase;
			buildActionMask = 2147483647;
			files = (
			);
			runOnlyForDeploymentPostprocessing = 0;
		};
/* End PBXResourcesBuildPhase section */

/* Begin PBXSourcesBuildPhase section */
		C6154B3523D9475C00AFCE1C /* Sources */ = {
			isa = PBXSourcesBuildPhase;
			buildActionMask = 2147483647;
			files = (
				C6154B4123D9475D00AFCE1C /* ViewController.swift in Sources */,
				C6154B3D23D9475D00AFCE1C /* AppDelegate.swift in Sources */,
				C6154B3F23D9475D00AFCE1C /* SceneDelegate.swift in Sources */,
			);
			runOnlyForDeploymentPostprocessing = 0;
		};
		C6154B4B23D9476100AFCE1C /* Sources */ = {
			isa = PBXSourcesBuildPhase;
			buildActionMask = 2147483647;
			files = (
				C6154B5423D9476100AFCE1C /* tippyTests.swift in Sources */,
			);
			runOnlyForDeploymentPostprocessing = 0;
		};
		C6154B5623D9476200AFCE1C /* Sources */ = {
			isa = PBXSourcesBuildPhase;
			buildActionMask = 2147483647;
			files = (
				C6154B5F23D9476200AFCE1C /* tippyUITests.swift in Sources */,
			);
			runOnlyForDeploymentPostprocessing = 0;
		};
/* End PBXSourcesBuildPhase section */

/* Begin PBXTargetDependency section */
		C6154B5123D9476100AFCE1C /* PBXTargetDependency */ = {
			isa = PBXTargetDependency;
			target = C6154B3823D9475C00AFCE1C /* tippy */;
			targetProxy = C6154B5023D9476100AFCE1C /* PBXContainerItemProxy */;
		};
		C6154B5C23D9476200AFCE1C /* PBXTargetDependency */ = {
			isa = PBXTargetDependency;
			target = C6154B3823D9475C00AFCE1C /* tippy */;
			targetProxy = C6154B5B23D9476200AFCE1C /* PBXContainerItemProxy */;
		};
/* End PBXTargetDependency section */

/* Begin PBXVariantGroup section */
		C6154B4223D9475D00AFCE1C /* Main.storyboard */ = {
			isa = PBXVariantGroup;
			children = (
				C6154B4323D9475D00AFCE1C /* Base */,
			);
			name = Main.storyboard;
			sourceTree = "<group>";
		};
		C6154B4723D9476100AFCE1C /* LaunchScreen.storyboard */ = {
			isa = PBXVariantGroup;
			children = (
				C6154B4823D9476100AFCE1C /* Base */,
			);
			name = LaunchScreen.storyboard;
			sourceTree = "<group>";
		};
/* End PBXVariantGroup section */

/* Begin XCBuildConfiguration section */
		C6154B6123D9476200AFCE1C /* Debug */ = {
			isa = XCBuildConfiguration;
			buildSettings = {
				ALWAYS_SEARCH_USER_PATHS = NO;
				CLANG_ANALYZER_NONNULL = YES;
				CLANG_ANALYZER_NUMBER_OBJECT_CONVERSION = YES_AGGRESSIVE;
				CLANG_CXX_LANGUAGE_STANDARD = "gnu++14";
				CLANG_CXX_LIBRARY = "libc++";
				CLANG_ENABLE_MODULES = YES;
				CLANG_ENABLE_OBJC_ARC = YES;
				CLANG_ENABLE_OBJC_WEAK = YES;
				CLANG_WARN_BLOCK_CAPTURE_AUTORELEASING = YES;
				CLANG_WARN_BOOL_CONVERSION = YES;
				CLANG_WARN_COMMA = YES;
				CLANG_WARN_CONSTANT_CONVERSION = YES;
				CLANG_WARN_DEPRECATED_OBJC_IMPLEMENTATIONS = YES;
				CLANG_WARN_DIRECT_OBJC_ISA_USAGE = YES_ERROR;
				CLANG_WARN_DOCUMENTATION_COMMENTS = YES;
				CLANG_WARN_EMPTY_BODY = YES;
				CLANG_WARN_ENUM_CONVERSION = YES;
				CLANG_WARN_INFINITE_RECURSION = YES;
				CLANG_WARN_INT_CONVERSION = YES;
				CLANG_WARN_NON_LITERAL_NULL_CONVERSION = YES;
				CLANG_WARN_OBJC_IMPLICIT_RETAIN_SELF = YES;
				CLANG_WARN_OBJC_LITERAL_CONVERSION = YES;
				CLANG_WARN_OBJC_ROOT_CLASS = YES_ERROR;
				CLANG_WARN_RANGE_LOOP_ANALYSIS = YES;
				CLANG_WARN_STRICT_PROTOTYPES = YES;
				CLANG_WARN_SUSPICIOUS_MOVE = YES;
				CLANG_WARN_UNGUARDED_AVAILABILITY = YES_AGGRESSIVE;
				CLANG_WARN_UNREACHABLE_CODE = YES;
				CLANG_WARN__DUPLICATE_METHOD_MATCH = YES;
				COPY_PHASE_STRIP = NO;
				DEBUG_INFORMATION_FORMAT = dwarf;
				ENABLE_STRICT_OBJC_MSGSEND = YES;
				ENABLE_TESTABILITY = YES;
				GCC_C_LANGUAGE_STANDARD = gnu11;
				GCC_DYNAMIC_NO_PIC = NO;
				GCC_NO_COMMON_BLOCKS = YES;
				GCC_OPTIMIZATION_LEVEL = 0;
				GCC_PREPROCESSOR_DEFINITIONS = (
					"DEBUG=1",
					"$(inherited)",
				);
				GCC_WARN_64_TO_32_BIT_CONVERSION = YES;
				GCC_WARN_ABOUT_RETURN_TYPE = YES_ERROR;
				GCC_WARN_UNDECLARED_SELECTOR = YES;
				GCC_WARN_UNINITIALIZED_AUTOS = YES_AGGRESSIVE;
				GCC_WARN_UNUSED_FUNCTION = YES;
				GCC_WARN_UNUSED_VARIABLE = YES;
				IPHONEOS_DEPLOYMENT_TARGET = 13.2;
				MTL_ENABLE_DEBUG_INFO = INCLUDE_SOURCE;
				MTL_FAST_MATH = YES;
				ONLY_ACTIVE_ARCH = YES;
				SDKROOT = iphoneos;
				SWIFT_ACTIVE_COMPILATION_CONDITIONS = DEBUG;
				SWIFT_OPTIMIZATION_LEVEL = "-Onone";
			};
			name = Debug;
		};
		C6154B6223D9476200AFCE1C /* Release */ = {
			isa = XCBuildConfiguration;
			buildSettings = {
				ALWAYS_SEARCH_USER_PATHS = NO;
				CLANG_ANALYZER_NONNULL = YES;
				CLANG_ANALYZER_NUMBER_OBJECT_CONVERSION = YES_AGGRESSIVE;
				CLANG_CXX_LANGUAGE_STANDARD = "gnu++14";
				CLANG_CXX_LIBRARY = "libc++";
				CLANG_ENABLE_MODULES = YES;
				CLANG_ENABLE_OBJC_ARC = YES;
				CLANG_ENABLE_OBJC_WEAK = YES;
				CLANG_WARN_BLOCK_CAPTURE_AUTORELEASING = YES;
				CLANG_WARN_BOOL_CONVERSION = YES;
				CLANG_WARN_COMMA = YES;
				CLANG_WARN_CONSTANT_CONVERSION = YES;
				CLANG_WARN_DEPRECATED_OBJC_IMPLEMENTATIONS = YES;
				CLANG_WARN_DIRECT_OBJC_ISA_USAGE = YES_ERROR;
				CLANG_WARN_DOCUMENTATION_COMMENTS = YES;
				CLANG_WARN_EMPTY_BODY = YES;
				CLANG_WARN_ENUM_CONVERSION = YES;
				CLANG_WARN_INFINITE_RECURSION = YES;
				CLANG_WARN_INT_CONVERSION = YES;
				CLANG_WARN_NON_LITERAL_NULL_CONVERSION = YES;
				CLANG_WARN_OBJC_IMPLICIT_RETAIN_SELF = YES;
				CLANG_WARN_OBJC_LITERAL_CONVERSION = YES;
				CLANG_WARN_OBJC_ROOT_CLASS = YES_ERROR;
				CLANG_WARN_RANGE_LOOP_ANALYSIS = YES;
				CLANG_WARN_STRICT_PROTOTYPES = YES;
				CLANG_WARN_SUSPICIOUS_MOVE = YES;
				CLANG_WARN_UNGUARDED_AVAILABILITY = YES_AGGRESSIVE;
				CLANG_WARN_UNREACHABLE_CODE = YES;
				CLANG_WARN__DUPLICATE_METHOD_MATCH = YES;
				COPY_PHASE_STRIP = NO;
				DEBUG_INFORMATION_FORMAT = "dwarf-with-dsym";
				ENABLE_NS_ASSERTIONS = NO;
				ENABLE_STRICT_OBJC_MSGSEND = YES;
				GCC_C_LANGUAGE_STANDARD = gnu11;
				GCC_NO_COMMON_BLOCKS = YES;
				GCC_WARN_64_TO_32_BIT_CONVERSION = YES;
				GCC_WARN_ABOUT_RETURN_TYPE = YES_ERROR;
				GCC_WARN_UNDECLARED_SELECTOR = YES;
				GCC_WARN_UNINITIALIZED_AUTOS = YES_AGGRESSIVE;
				GCC_WARN_UNUSED_FUNCTION = YES;
				GCC_WARN_UNUSED_VARIABLE = YES;
				IPHONEOS_DEPLOYMENT_TARGET = 13.2;
				MTL_ENABLE_DEBUG_INFO = NO;
				MTL_FAST_MATH = YES;
				SDKROOT = iphoneos;
				SWIFT_COMPILATION_MODE = wholemodule;
				SWIFT_OPTIMIZATION_LEVEL = "-O";
				VALIDATE_PRODUCT = YES;
			};
			name = Release;
		};
		C6154B6423D9476200AFCE1C /* Debug */ = {
			isa = XCBuildConfiguration;
			buildSettings = {
				ASSETCATALOG_COMPILER_APPICON_NAME = AppIcon;
				CODE_SIGN_STYLE = Automatic;
				INFOPLIST_FILE = tippy/Info.plist;
				LD_RUNPATH_SEARCH_PATHS = (
					"$(inherited)",
					"@executable_path/Frameworks",
				);
				PRODUCT_BUNDLE_IDENTIFIER = com.codepath.tippy;
				PRODUCT_NAME = "$(TARGET_NAME)";
				SWIFT_VERSION = 5.0;
				TARGETED_DEVICE_FAMILY = "1,2";
			};
			name = Debug;
		};
		C6154B6523D9476200AFCE1C /* Release */ = {
			isa = XCBuildConfiguration;
			buildSettings = {
				ASSETCATALOG_COMPILER_APPICON_NAME = AppIcon;
				CODE_SIGN_STYLE = Automatic;
				INFOPLIST_FILE = tippy/Info.plist;
				LD_RUNPATH_SEARCH_PATHS = (
					"$(inherited)",
					"@executable_path/Frameworks",
				);
				PRODUCT_BUNDLE_IDENTIFIER = com.codepath.tippy;
				PRODUCT_NAME = "$(TARGET_NAME)";
				SWIFT_VERSION = 5.0;
				TARGETED_DEVICE_FAMILY = "1,2";
			};
			name = Release;
		};
		C6154B6723D9476200AFCE1C /* Debug */ = {
			isa = XCBuildConfiguration;
			buildSettings = {
				ALWAYS_EMBED_SWIFT_STANDARD_LIBRARIES = YES;
				BUNDLE_LOADER = "$(TEST_HOST)";
				CODE_SIGN_STYLE = Automatic;
				INFOPLIST_FILE = tippyTests/Info.plist;
				IPHONEOS_DEPLOYMENT_TARGET = 13.2;
				LD_RUNPATH_SEARCH_PATHS = (
					"$(inherited)",
					"@executable_path/Frameworks",
					"@loader_path/Frameworks",
				);
				PRODUCT_BUNDLE_IDENTIFIER = com.codepath.tippyTests;
				PRODUCT_NAME = "$(TARGET_NAME)";
				SWIFT_VERSION = 5.0;
				TARGETED_DEVICE_FAMILY = "1,2";
				TEST_HOST = "$(BUILT_PRODUCTS_DIR)/tippy.app/tippy";
			};
			name = Debug;
		};
		C6154B6823D9476200AFCE1C /* Release */ = {
			isa = XCBuildConfiguration;
			buildSettings = {
				ALWAYS_EMBED_SWIFT_STANDARD_LIBRARIES = YES;
				BUNDLE_LOADER = "$(TEST_HOST)";
				CODE_SIGN_STYLE = Automatic;
				INFOPLIST_FILE = tippyTests/Info.plist;
				IPHONEOS_DEPLOYMENT_TARGET = 13.2;
				LD_RUNPATH_SEARCH_PATHS = (
					"$(inherited)",
					"@executable_path/Frameworks",
					"@loader_path/Frameworks",
				);
				PRODUCT_BUNDLE_IDENTIFIER = com.codepath.tippyTests;
				PRODUCT_NAME = "$(TARGET_NAME)";
				SWIFT_VERSION = 5.0;
				TARGETED_DEVICE_FAMILY = "1,2";
				TEST_HOST = "$(BUILT_PRODUCTS_DIR)/tippy.app/tippy";
			};
			name = Release;
		};
		C6154B6A23D9476200AFCE1C /* Debug */ = {
			isa = XCBuildConfiguration;
			buildSettings = {
				ALWAYS_EMBED_SWIFT_STANDARD_LIBRARIES = YES;
				CODE_SIGN_STYLE = Automatic;
				INFOPLIST_FILE = tippyUITests/Info.plist;
				LD_RUNPATH_SEARCH_PATHS = (
					"$(inherited)",
					"@executable_path/Frameworks",
					"@loader_path/Frameworks",
				);
				PRODUCT_BUNDLE_IDENTIFIER = com.codepath.tippyUITests;
				PRODUCT_NAME = "$(TARGET_NAME)";
				SWIFT_VERSION = 5.0;
				TARGETED_DEVICE_FAMILY = "1,2";
				TEST_TARGET_NAME = tippy;
			};
			name = Debug;
		};
		C6154B6B23D9476200AFCE1C /* Release */ = {
			isa = XCBuildConfiguration;
			buildSettings = {
				ALWAYS_EMBED_SWIFT_STANDARD_LIBRARIES = YES;
				CODE_SIGN_STYLE = Automatic;
				INFOPLIST_FILE = tippyUITests/Info.plist;
				LD_RUNPATH_SEARCH_PATHS = (
					"$(inherited)",
					"@executable_path/Frameworks",
					"@loader_path/Frameworks",
				);
				PRODUCT_BUNDLE_IDENTIFIER = com.codepath.tippyUITests;
				PRODUCT_NAME = "$(TARGET_NAME)";
				SWIFT_VERSION = 5.0;
				TARGETED_DEVICE_FAMILY = "1,2";
				TEST_TARGET_NAME = tippy;
			};
			name = Release;
		};
/* End XCBuildConfiguration section */

/* Begin XCConfigurationList section */
		C6154B3423D9475C00AFCE1C /* Build configuration list for PBXProject "tippy" */ = {
			isa = XCConfigurationList;
			buildConfigurations = (
				C6154B6123D9476200AFCE1C /* Debug */,
				C6154B6223D9476200AFCE1C /* Release */,
			);
			defaultConfigurationIsVisible = 0;
			defaultConfigurationName = Release;
		};
		C6154B6323D9476200AFCE1C /* Build configuration list for PBXNativeTarget "tippy" */ = {
			isa = XCConfigurationList;
			buildConfigurations = (
				C6154B6423D9476200AFCE1C /* Debug */,
				C6154B6523D9476200AFCE1C /* Release */,
			);
			defaultConfigurationIsVisible = 0;
			defaultConfigurationName = Release;
		};
		C6154B6623D9476200AFCE1C /* Build configuration list for PBXNativeTarget "tippyTests" */ = {
			isa = XCConfigurationList;
			buildConfigurations = (
				C6154B6723D9476200AFCE1C /* Debug */,
				C6154B6823D9476200AFCE1C /* Release */,
			);
			defaultConfigurationIsVisible = 0;
			defaultConfigurationName = Release;
		};
		C6154B6923D9476200AFCE1C /* Build configuration list for PBXNativeTarget "tippyUITests" */ = {
			isa = XCConfigurationList;
			buildConfigurations = (
				C6154B6A23D9476200AFCE1C /* Debug */,
				C6154B6B23D9476200AFCE1C /* Release */,
			);
			defaultConfigurationIsVisible = 0;
			defaultConfigurationName = Release;
		};
/* End XCConfigurationList section */
	};
	rootObject = C6154B3123D9475C00AFCE1C /* Project object */;
}
